[[package]]
name = "antidote"
version = "1.0.0"
source = "registry+https://github.com/rust-lang/crates.io-index"

[[package]]
name = "bitflags"
version = "0.7.0"
source = "registry+https://github.com/rust-lang/crates.io-index"

[[package]]
name = "cassowary"
version = "0.2.1"
source = "registry+https://github.com/rust-lang/crates.io-index"

[[package]]
name = "chrono"
version = "0.4.0"
source = "registry+https://github.com/rust-lang/crates.io-index"
dependencies = [
 "num 0.1.41 (registry+https://github.com/rust-lang/crates.io-index)",
 "time 0.1.38 (registry+https://github.com/rust-lang/crates.io-index)",
]

[[package]]
name = "fuchsia-zircon"
version = "0.2.1"
source = "registry+https://github.com/rust-lang/crates.io-index"
dependencies = [
 "fuchsia-zircon-sys 0.2.0 (registry+https://github.com/rust-lang/crates.io-index)",
]

[[package]]
name = "fuchsia-zircon-sys"
version = "0.2.0"
source = "registry+https://github.com/rust-lang/crates.io-index"
dependencies = [
 "bitflags 0.7.0 (registry+https://github.com/rust-lang/crates.io-index)",
]

[[package]]
name = "idna"
version = "0.1.4"
source = "registry+https://github.com/rust-lang/crates.io-index"
dependencies = [
 "matches 0.1.6 (registry+https://github.com/rust-lang/crates.io-index)",
 "unicode-bidi 0.3.4 (registry+https://github.com/rust-lang/crates.io-index)",
 "unicode-normalization 0.1.5 (registry+https://github.com/rust-lang/crates.io-index)",
]

[[package]]
name = "kernel32-sys"
version = "0.2.2"
source = "registry+https://github.com/rust-lang/crates.io-index"
dependencies = [
 "winapi 0.2.8 (registry+https://github.com/rust-lang/crates.io-index)",
 "winapi-build 0.1.1 (registry+https://github.com/rust-lang/crates.io-index)",
]

[[package]]
name = "libc"
version = "0.2.34"
source = "registry+https://github.com/rust-lang/crates.io-index"

[[package]]
name = "log"
version = "0.3.8"
source = "registry+https://github.com/rust-lang/crates.io-index"

[[package]]
name = "matches"
version = "0.1.6"
source = "registry+https://github.com/rust-lang/crates.io-index"

[[package]]
name = "num"
version = "0.1.41"
source = "registry+https://github.com/rust-lang/crates.io-index"
dependencies = [
 "num-integer 0.1.35 (registry+https://github.com/rust-lang/crates.io-index)",
 "num-iter 0.1.34 (registry+https://github.com/rust-lang/crates.io-index)",
 "num-traits 0.1.41 (registry+https://github.com/rust-lang/crates.io-index)",
]

[[package]]
name = "num-integer"
version = "0.1.35"
source = "registry+https://github.com/rust-lang/crates.io-index"
dependencies = [
 "num-traits 0.1.41 (registry+https://github.com/rust-lang/crates.io-index)",
]

[[package]]
name = "num-iter"
version = "0.1.34"
source = "registry+https://github.com/rust-lang/crates.io-index"
dependencies = [
 "num-integer 0.1.35 (registry+https://github.com/rust-lang/crates.io-index)",
 "num-traits 0.1.41 (registry+https://github.com/rust-lang/crates.io-index)",
]

[[package]]
name = "num-traits"
version = "0.1.41"
source = "registry+https://github.com/rust-lang/crates.io-index"

[[package]]
name = "percent-encoding"
version = "1.0.1"
source = "registry+https://github.com/rust-lang/crates.io-index"

[[package]]
name = "r2d2"
version = "0.8.1"
source = "registry+https://github.com/rust-lang/crates.io-index"
dependencies = [
 "antidote 1.0.0 (registry+https://github.com/rust-lang/crates.io-index)",
 "log 0.3.8 (registry+https://github.com/rust-lang/crates.io-index)",
 "scheduled-thread-pool 0.2.0 (registry+https://github.com/rust-lang/crates.io-index)",
]

[[package]]
name = "r2d2_redis"
version = "0.7.0"
source = "registry+https://github.com/rust-lang/crates.io-index"
dependencies = [
 "r2d2 0.8.1 (registry+https://github.com/rust-lang/crates.io-index)",
 "redis 0.8.0 (registry+https://github.com/rust-lang/crates.io-index)",
]

[[package]]
name = "radix"
version = "0.3.5"
source = "registry+https://github.com/rust-lang/crates.io-index"

[[package]]
name = "rand"
version = "0.3.18"
source = "registry+https://github.com/rust-lang/crates.io-index"
dependencies = [
 "fuchsia-zircon 0.2.1 (registry+https://github.com/rust-lang/crates.io-index)",
 "libc 0.2.34 (registry+https://github.com/rust-lang/crates.io-index)",
]

[[package]]
name = "redis"
version = "0.8.0"
source = "registry+https://github.com/rust-lang/crates.io-index"
dependencies = [
 "sha1 0.2.0 (registry+https://github.com/rust-lang/crates.io-index)",
 "url 1.6.0 (registry+https://github.com/rust-lang/crates.io-index)",
]

[[package]]
name = "redox_syscall"
version = "0.1.32"
source = "registry+https://github.com/rust-lang/crates.io-index"

[[package]]
name = "redox_termios"
version = "0.1.1"
source = "registry+https://github.com/rust-lang/crates.io-index"
dependencies = [
 "redox_syscall 0.1.32 (registry+https://github.com/rust-lang/crates.io-index)",
]

[[package]]
name = "rsmq"
version = "0.2.0"
dependencies = [
 "r2d2 0.8.1 (registry+https://github.com/rust-lang/crates.io-index)",
 "r2d2_redis 0.7.0 (registry+https://github.com/rust-lang/crates.io-index)",
 "radix 0.3.5 (registry+https://github.com/rust-lang/crates.io-index)",
 "rand 0.3.18 (registry+https://github.com/rust-lang/crates.io-index)",
 "redis 0.8.0 (registry+https://github.com/rust-lang/crates.io-index)",
]

[[package]]
name = "rsmq-dashboard"
version = "0.1.0"
dependencies = [
 "chrono 0.4.0 (registry+https://github.com/rust-lang/crates.io-index)",
 "rsmq 0.2.0",
 "termion 1.5.1 (git+https://github.com/ticki/termion)",
 "tui 0.1.3 (git+https://github.com/fdehau/tui-rs)",
]

[[package]]
name = "scheduled-thread-pool"
version = "0.2.0"
source = "registry+https://github.com/rust-lang/crates.io-index"
dependencies = [
 "antidote 1.0.0 (registry+https://github.com/rust-lang/crates.io-index)",
]

[[package]]
name = "sha1"
version = "0.2.0"
source = "registry+https://github.com/rust-lang/crates.io-index"

[[package]]
name = "termion"
version = "1.5.1"
source = "git+https://github.com/ticki/termion#b3e0bbdfb75197afb1b0a5ae42b87ecf57d89cb8"
dependencies = [
 "libc 0.2.34 (registry+https://github.com/rust-lang/crates.io-index)",
 "redox_syscall 0.1.32 (registry+https://github.com/rust-lang/crates.io-index)",
 "redox_termios 0.1.1 (registry+https://github.com/rust-lang/crates.io-index)",
]

[[package]]
name = "termion"
version = "1.5.1"
source = "registry+https://github.com/rust-lang/crates.io-index"
dependencies = [
 "libc 0.2.34 (registry+https://github.com/rust-lang/crates.io-index)",
 "redox_syscall 0.1.32 (registry+https://github.com/rust-lang/crates.io-index)",
 "redox_termios 0.1.1 (registry+https://github.com/rust-lang/crates.io-index)",
]

[[package]]
name = "time"
version = "0.1.38"
source = "registry+https://github.com/rust-lang/crates.io-index"
dependencies = [
 "kernel32-sys 0.2.2 (registry+https://github.com/rust-lang/crates.io-index)",
 "libc 0.2.34 (registry+https://github.com/rust-lang/crates.io-index)",
 "redox_syscall 0.1.32 (registry+https://github.com/rust-lang/crates.io-index)",
 "winapi 0.2.8 (registry+https://github.com/rust-lang/crates.io-index)",
]

[[package]]
name = "tui"
version = "0.1.3"
source = "git+https://github.com/fdehau/tui-rs#e675d6735ccf2b709dd5c548d05d7e5a186fc966"
dependencies = [
 "bitflags 0.7.0 (registry+https://github.com/rust-lang/crates.io-index)",
 "cassowary 0.2.1 (registry+https://github.com/rust-lang/crates.io-index)",
 "log 0.3.8 (registry+https://github.com/rust-lang/crates.io-index)",
 "termion 1.5.1 (registry+https://github.com/rust-lang/crates.io-index)",
 "unicode-segmentation 0.1.3 (registry+https://github.com/rust-lang/crates.io-index)",
 "unicode-width 0.1.4 (registry+https://github.com/rust-lang/crates.io-index)",
]

[[package]]
name = "unicode-bidi"
version = "0.3.4"
source = "registry+https://github.com/rust-lang/crates.io-index"
dependencies = [
 "matches 0.1.6 (registry+https://github.com/rust-lang/crates.io-index)",
]

[[package]]
name = "unicode-normalization"
version = "0.1.5"
source = "registry+https://github.com/rust-lang/crates.io-index"

[[package]]
name = "unicode-segmentation"
version = "0.1.3"
source = "registry+https://github.com/rust-lang/crates.io-index"

[[package]]
name = "unicode-width"
version = "0.1.4"
source = "registry+https://github.com/rust-lang/crates.io-index"

[[package]]
name = "url"
version = "1.6.0"
source = "registry+https://github.com/rust-lang/crates.io-index"
dependencies = [
 "idna 0.1.4 (registry+https://github.com/rust-lang/crates.io-index)",
 "matches 0.1.6 (registry+https://github.com/rust-lang/crates.io-index)",
 "percent-encoding 1.0.1 (registry+https://github.com/rust-lang/crates.io-index)",
]

[[package]]
name = "winapi"
version = "0.2.8"
source = "registry+https://github.com/rust-lang/crates.io-index"

[[package]]
name = "winapi-build"
version = "0.1.1"
source = "registry+https://github.com/rust-lang/crates.io-index"

[metadata]
"checksum antidote 1.0.0 (registry+https://github.com/rust-lang/crates.io-index)" = "34fde25430d87a9388dadbe6e34d7f72a462c8b43ac8d309b42b0a8505d7e2a5"
"checksum bitflags 0.7.0 (registry+https://github.com/rust-lang/crates.io-index)" = "aad18937a628ec6abcd26d1489012cc0e18c21798210f491af69ded9b881106d"
"checksum cassowary 0.2.1 (registry+https://github.com/rust-lang/crates.io-index)" = "b1028d0e1aabf16c9bf78383e0d6bc0713efc4b967cfafe7c2e7e2eb00432c83"
"checksum chrono 0.4.0 (registry+https://github.com/rust-lang/crates.io-index)" = "7c20ebe0b2b08b0aeddba49c609fe7957ba2e33449882cb186a180bc60682fa9"
"checksum fuchsia-zircon 0.2.1 (registry+https://github.com/rust-lang/crates.io-index)" = "f6c0581a4e363262e52b87f59ee2afe3415361c6ec35e665924eb08afe8ff159"
"checksum fuchsia-zircon-sys 0.2.0 (registry+https://github.com/rust-lang/crates.io-index)" = "43f3795b4bae048dc6123a6b972cadde2e676f9ded08aef6bb77f5f157684a82"
"checksum idna 0.1.4 (registry+https://github.com/rust-lang/crates.io-index)" = "014b298351066f1512874135335d62a789ffe78a9974f94b43ed5621951eaf7d"
"checksum kernel32-sys 0.2.2 (registry+https://github.com/rust-lang/crates.io-index)" = "7507624b29483431c0ba2d82aece8ca6cdba9382bff4ddd0f7490560c056098d"
"checksum libc 0.2.34 (registry+https://github.com/rust-lang/crates.io-index)" = "36fbc8a8929c632868295d0178dd8f63fc423fd7537ad0738372bd010b3ac9b0"
"checksum log 0.3.8 (registry+https://github.com/rust-lang/crates.io-index)" = "880f77541efa6e5cc74e76910c9884d9859683118839d6a1dc3b11e63512565b"
"checksum matches 0.1.6 (registry+https://github.com/rust-lang/crates.io-index)" = "100aabe6b8ff4e4a7e32c1c13523379802df0772b82466207ac25b013f193376"
"checksum num 0.1.41 (registry+https://github.com/rust-lang/crates.io-index)" = "cc4083e14b542ea3eb9b5f33ff48bd373a92d78687e74f4cc0a30caeb754f0ca"
"checksum num-integer 0.1.35 (registry+https://github.com/rust-lang/crates.io-index)" = "d1452e8b06e448a07f0e6ebb0bb1d92b8890eea63288c0b627331d53514d0fba"
"checksum num-iter 0.1.34 (registry+https://github.com/rust-lang/crates.io-index)" = "7485fcc84f85b4ecd0ea527b14189281cf27d60e583ae65ebc9c088b13dffe01"
"checksum num-traits 0.1.41 (registry+https://github.com/rust-lang/crates.io-index)" = "cacfcab5eb48250ee7d0c7896b51a2c5eec99c1feea5f32025635f5ae4b00070"
"checksum percent-encoding 1.0.1 (registry+https://github.com/rust-lang/crates.io-index)" = "31010dd2e1ac33d5b46a5b413495239882813e0369f8ed8a5e266f173602f831"
"checksum r2d2 0.8.1 (registry+https://github.com/rust-lang/crates.io-index)" = "59611202bee496c586ecd84e3ed149b4ec75981b0fc10d7f60e878fa23ae16e9"
"checksum r2d2_redis 0.7.0 (registry+https://github.com/rust-lang/crates.io-index)" = "3b00842df5fabfd571dfeb6173584f55bf32909dfc95c1874f8d1f8b01a7f5c4"
"checksum radix 0.3.5 (registry+https://github.com/rust-lang/crates.io-index)" = "80ff179a4b9fb80e015deb831903456c8d708eab30ff8f1cc2f18328f800f1a5"
"checksum rand 0.3.18 (registry+https://github.com/rust-lang/crates.io-index)" = "6475140dfd8655aeb72e1fd4b7a1cc1c202be65d71669476e392fe62532b9edd"
"checksum redis 0.8.0 (registry+https://github.com/rust-lang/crates.io-index)" = "02a92e223490cc63d9230c4cdf132a48ce154ab1e063558e3841e219c2ea3f91"
"checksum redox_syscall 0.1.32 (registry+https://github.com/rust-lang/crates.io-index)" = "ab105df655884ede59d45b7070c8a65002d921461ee813a024558ca16030eea0"
"checksum redox_termios 0.1.1 (registry+https://github.com/rust-lang/crates.io-index)" = "7e891cfe48e9100a70a3b6eb652fef28920c117d366339687bd5576160db0f76"
"checksum scheduled-thread-pool 0.2.0 (registry+https://github.com/rust-lang/crates.io-index)" = "1a2ff3fc5223829be817806c6441279c676e454cc7da608faf03b0ccc09d3889"
"checksum sha1 0.2.0 (registry+https://github.com/rust-lang/crates.io-index)" = "cc30b1e1e8c40c121ca33b86c23308a090d19974ef001b4bf6e61fd1a0fb095c"
"checksum termion 1.5.1 (git+https://github.com/ticki/termion)" = "<none>"
"checksum termion 1.5.1 (registry+https://github.com/rust-lang/crates.io-index)" = "689a3bdfaab439fd92bc87df5c4c78417d3cbe537487274e9b0b2dce76e92096"
"checksum time 0.1.38 (registry+https://github.com/rust-lang/crates.io-index)" = "d5d788d3aa77bc0ef3e9621256885555368b47bd495c13dd2e7413c89f845520"
"checksum tui 0.1.3 (git+https://github.com/fdehau/tui-rs)" = "<none>"
"checksum unicode-bidi 0.3.4 (registry+https://github.com/rust-lang/crates.io-index)" = "49f2bd0c6468a8230e1db229cff8029217cf623c767ea5d60bfbd42729ea54d5"
"checksum unicode-normalization 0.1.5 (registry+https://github.com/rust-lang/crates.io-index)" = "51ccda9ef9efa3f7ef5d91e8f9b83bbe6955f9bf86aec89d5cce2c874625920f"
"checksum unicode-segmentation 0.1.3 (registry+https://github.com/rust-lang/crates.io-index)" = "c3bc443ded17b11305ffffe6b37e2076f328a5a8cb6aa877b1b98f77699e98b5"
"checksum unicode-width 0.1.4 (registry+https://github.com/rust-lang/crates.io-index)" = "bf3a113775714a22dcb774d8ea3655c53a32debae63a063acc00a91cc586245f"
"checksum url 1.6.0 (registry+https://github.com/rust-lang/crates.io-index)" = "fa35e768d4daf1d85733418a49fb42e10d7f633e394fccab4ab7aba897053fe2"
"checksum winapi 0.2.8 (registry+https://github.com/rust-lang/crates.io-index)" = "167dc9d6949a9b857f3451275e911c3f44255842c1f7a76f33c55103a909087a"
"checksum winapi-build 0.1.1 (registry+https://github.com/rust-lang/crates.io-index)" = "2d315eee3b34aca4797b2da6b13ed88266e6d612562a0c46390af8299fc699bc"
